
Microsoft Visual Studio Solution File, Format Version 12.00
# Visual Studio Version 16
VisualStudioVersion = 16.0.31410.357
MinimumVisualStudioVersion = 10.0.40219.1
Project("{9A19103F-16F7-4668-BE54-9A1E7A4F7556}") = "SudokuKata.Acceptance.Test", "SudokuKata.Acceptance.Test\SudokuKata.Acceptance.Test.csproj", "{0F149643-1FEE-4522-892E-03F6561E4630}"
EndProject
Project("{9A19103F-16F7-4668-BE54-9A1E7A4F7556}") = "SudokuKata.Domain", "SudokuKata.Domain\SudokuKata.Domain.csproj", "{A6F44280-9E0D-489B-9A54-39ACEE1CFFA8}"
EndProject
Project("{FAE04EC0-301F-11D3-BF4B-00C04F79EFBC}") = "SudokuKata", "SudokuKata\SudokuKata.csproj", "{6264930A-2D5E-47B9-992A-A88174A31D41}"
EndProject
Global
	GlobalSection(SolutionConfigurationPlatforms) = preSolution
		Debug|Any CPU = Debug|Any CPU
		Release|Any CPU = Release|Any CPU
	EndGlobalSection
	GlobalSection(ProjectConfigurationPlatforms) = postSolution
		{0F149643-1FEE-4522-892E-03F6561E4630}.Debug|Any CPU.ActiveCfg = Debug|Any CPU
		{0F149643-1FEE-4522-892E-03F6561E4630}.Debug|Any CPU.Build.0 = Debug|Any CPU
		{0F149643-1FEE-4522-892E-03F6561E4630}.Release|Any CPU.ActiveCfg = Release|Any CPU
		{0F149643-1FEE-4522-892E-03F6561E4630}.Release|Any CPU.Build.0 = Release|Any CPU
		{A6F44280-9E0D-489B-9A54-39ACEE1CFFA8}.Debug|Any CPU.ActiveCfg = Debug|Any CPU
		{A6F44280-9E0D-489B-9A54-39ACEE1CFFA8}.Debug|Any CPU.Build.0 = Debug|Any CPU
		{A6F44280-9E0D-489B-9A54-39ACEE1CFFA8}.Release|Any CPU.ActiveCfg = Release|Any CPU
		{A6F44280-9E0D-489B-9A54-39ACEE1CFFA8}.Release|Any CPU.Build.0 = Release|Any CPU
		{6264930A-2D5E-47B9-992A-A88174A31D41}.Debug|Any CPU.ActiveCfg = Debug|Any CPU
		{6264930A-2D5E-47B9-992A-A88174A31D41}.Debug|Any CPU.Build.0 = Debug|Any CPU
		{6264930A-2D5E-47B9-992A-A88174A31D41}.Release|Any CPU.ActiveCfg = Release|Any CPU
		{6264930A-2D5E-47B9-992A-A88174A31D41}.Release|Any CPU.Build.0 = Release|Any CPU
	EndGlobalSection
	GlobalSection(SolutionProperties) = preSolution
		HideSolutionNode = FALSE
	EndGlobalSection
	GlobalSection(ExtensibilityGlobals) = postSolution
		SolutionGuid = {C10A123F-9AF7-410F-8EC1-CBA42490FD14}
	EndGlobalSection
EndGlobal
